
Microsoft Visual Studio Solution File, Format Version 12.00
# Visual Studio Version 17
VisualStudioVersion = 17.12.35527.113 d17.12
MinimumVisualStudioVersion = 10.0.40219.1
Project("{FAE04EC0-301F-11D3-BF4B-00C04F79EFBC}") = "CRUD_BANK_TRANSACTIONS", "CRUD_BANK_TRANSACTIONS\CRUD_BANK_TRANSACTIONS.csproj", "{E34DA168-C435-4596-AAA0-365417AC1205}"
EndProject
Global
	GlobalSection(SolutionConfigurationPlatforms) = preSolution
		Debug|Any CPU = Debug|Any CPU
		Release|Any CPU = Release|Any CPU
	EndGlobalSection
	GlobalSection(ProjectConfigurationPlatforms) = postSolution
		{E34DA168-C435-4596-AAA0-365417AC1205}.Debug|Any CPU.ActiveCfg = Debug|Any CPU
		{E34DA168-C435-4596-AAA0-365417AC1205}.Debug|Any CPU.Build.0 = Debug|Any CPU
		{E34DA168-C435-4596-AAA0-365417AC1205}.Release|Any CPU.ActiveCfg = Release|Any CPU
		{E34DA168-C435-4596-AAA0-365417AC1205}.Release|Any CPU.Build.0 = Release|Any CPU
	EndGlobalSection
	GlobalSection(SolutionProperties) = preSolution
		HideSolutionNode = FALSE
	EndGlobalSection
EndGlobal
